
Microsoft Visual Studio Solution File, Format Version 12.00
# Visual Studio Version 17
VisualStudioVersion = 17.8.34525.116
MinimumVisualStudioVersion = 10.0.40219.1
Project("{FAE04EC0-301F-11D3-BF4B-00C04F79EFBC}") = "SistemaInventario", "SistemaInventario\SistemaInventario.csproj", "{688A785F-243C-4AAA-B66E-A1B39A439ADB}"
EndProject
Project("{FAE04EC0-301F-11D3-BF4B-00C04F79EFBC}") = "SistemaInventario.AccesoDatos", "SistemaInventario.AccesoDatos\SistemaInventario.AccesoDatos.csproj", "{0DA9FA00-B137-4595-B640-EE52D3118901}"
EndProject
Project("{FAE04EC0-301F-11D3-BF4B-00C04F79EFBC}") = "SistemaInventario.Modelos", "SistemaInventario.Modelos\SistemaInventario.Modelos.csproj", "{13E3FA3A-875F-41BD-B503-89A7262BE005}"
EndProject
Project("{FAE04EC0-301F-11D3-BF4B-00C04F79EFBC}") = "SistemaInventario.Utilidades", "SistemaInventario.Utilidades\SistemaInventario.Utilidades.csproj", "{03413481-8DBB-4143-9646-0A873D3D0D7E}"
EndProject
Global
	GlobalSection(SolutionConfigurationPlatforms) = preSolution
		Debug|Any CPU = Debug|Any CPU
		Release|Any CPU = Release|Any CPU
	EndGlobalSection
	GlobalSection(ProjectConfigurationPlatforms) = postSolution
		{688A785F-243C-4AAA-B66E-A1B39A439ADB}.Debug|Any CPU.ActiveCfg = Debug|Any CPU
		{688A785F-243C-4AAA-B66E-A1B39A439ADB}.Debug|Any CPU.Build.0 = Debug|Any CPU
		{688A785F-243C-4AAA-B66E-A1B39A439ADB}.Release|Any CPU.ActiveCfg = Release|Any CPU
		{688A785F-243C-4AAA-B66E-A1B39A439ADB}.Release|Any CPU.Build.0 = Release|Any CPU
		{0DA9FA00-B137-4595-B640-EE52D3118901}.Debug|Any CPU.ActiveCfg = Debug|Any CPU
		{0DA9FA00-B137-4595-B640-EE52D3118901}.Debug|Any CPU.Build.0 = Debug|Any CPU
		{0DA9FA00-B137-4595-B640-EE52D3118901}.Release|Any CPU.ActiveCfg = Release|Any CPU
		{0DA9FA00-B137-4595-B640-EE52D3118901}.Release|Any CPU.Build.0 = Release|Any CPU
		{13E3FA3A-875F-41BD-B503-89A7262BE005}.Debug|Any CPU.ActiveCfg = Debug|Any CPU
		{13E3FA3A-875F-41BD-B503-89A7262BE005}.Debug|Any CPU.Build.0 = Debug|Any CPU
		{13E3FA3A-875F-41BD-B503-89A7262BE005}.Release|Any CPU.ActiveCfg = Release|Any CPU
		{13E3FA3A-875F-41BD-B503-89A7262BE005}.Release|Any CPU.Build.0 = Release|Any CPU
		{03413481-8DBB-4143-9646-0A873D3D0D7E}.Debug|Any CPU.ActiveCfg = Debug|Any CPU
		{03413481-8DBB-4143-9646-0A873D3D0D7E}.Debug|Any CPU.Build.0 = Debug|Any CPU
		{03413481-8DBB-4143-9646-0A873D3D0D7E}.Release|Any CPU.ActiveCfg = Release|Any CPU
		{03413481-8DBB-4143-9646-0A873D3D0D7E}.Release|Any CPU.Build.0 = Release|Any CPU
	EndGlobalSection
	GlobalSection(SolutionProperties) = preSolution
		HideSolutionNode = FALSE
	EndGlobalSection
	GlobalSection(ExtensibilityGlobals) = postSolution
		SolutionGuid = {DA883C1F-39A5-4754-8DD1-870F7F64BBC5}
	EndGlobalSection
EndGlobal
